
Microsoft Visual Studio Solution File, Format Version 12.00
# Visual Studio Version 16
VisualStudioVersion = 16.0.30711.63
MinimumVisualStudioVersion = 10.0.40219.1
Project("{9A19103F-16F7-4668-BE54-9A1E7A4F7556}") = "MardomTestVirtualStore.API", "MardomTestVirtualStore.API.csproj", "{DEA5747A-D76F-4A84-BDC1-EB0B3DE36577}"
EndProject
Project("{9A19103F-16F7-4668-BE54-9A1E7A4F7556}") = "TestVirtualStore.DataAccess", "..\TestVirtualStore.DataAccess\TestVirtualStore.DataAccess.csproj", "{F674AB2A-3362-4158-A82E-25C1BF827ED7}"
EndProject
Project("{9A19103F-16F7-4668-BE54-9A1E7A4F7556}") = "TestVirtualStore.Services", "..\TestVirtualStore.Services\TestVirtualStore.Services.csproj", "{4A624B42-4F5C-417E-AF4D-37B79721F3D4}"
EndProject
Project("{9A19103F-16F7-4668-BE54-9A1E7A4F7556}") = "TestVirtualStore.Repository", "..\TestVirtualStore.Repository\TestVirtualStore.Repository.csproj", "{89F60DC0-CD47-4A43-9236-D656D4AB6868}"
EndProject
Global
	GlobalSection(SolutionConfigurationPlatforms) = preSolution
		Debug|Any CPU = Debug|Any CPU
		Release|Any CPU = Release|Any CPU
	EndGlobalSection
	GlobalSection(ProjectConfigurationPlatforms) = postSolution
		{DEA5747A-D76F-4A84-BDC1-EB0B3DE36577}.Debug|Any CPU.ActiveCfg = Debug|Any CPU
		{DEA5747A-D76F-4A84-BDC1-EB0B3DE36577}.Debug|Any CPU.Build.0 = Debug|Any CPU
		{DEA5747A-D76F-4A84-BDC1-EB0B3DE36577}.Release|Any CPU.ActiveCfg = Release|Any CPU
		{DEA5747A-D76F-4A84-BDC1-EB0B3DE36577}.Release|Any CPU.Build.0 = Release|Any CPU
		{F674AB2A-3362-4158-A82E-25C1BF827ED7}.Debug|Any CPU.ActiveCfg = Debug|Any CPU
		{F674AB2A-3362-4158-A82E-25C1BF827ED7}.Debug|Any CPU.Build.0 = Debug|Any CPU
		{F674AB2A-3362-4158-A82E-25C1BF827ED7}.Release|Any CPU.ActiveCfg = Release|Any CPU
		{F674AB2A-3362-4158-A82E-25C1BF827ED7}.Release|Any CPU.Build.0 = Release|Any CPU
		{4A624B42-4F5C-417E-AF4D-37B79721F3D4}.Debug|Any CPU.ActiveCfg = Debug|Any CPU
		{4A624B42-4F5C-417E-AF4D-37B79721F3D4}.Debug|Any CPU.Build.0 = Debug|Any CPU
		{4A624B42-4F5C-417E-AF4D-37B79721F3D4}.Release|Any CPU.ActiveCfg = Release|Any CPU
		{4A624B42-4F5C-417E-AF4D-37B79721F3D4}.Release|Any CPU.Build.0 = Release|Any CPU
		{89F60DC0-CD47-4A43-9236-D656D4AB6868}.Debug|Any CPU.ActiveCfg = Debug|Any CPU
		{89F60DC0-CD47-4A43-9236-D656D4AB6868}.Debug|Any CPU.Build.0 = Debug|Any CPU
		{89F60DC0-CD47-4A43-9236-D656D4AB6868}.Release|Any CPU.ActiveCfg = Release|Any CPU
		{89F60DC0-CD47-4A43-9236-D656D4AB6868}.Release|Any CPU.Build.0 = Release|Any CPU
	EndGlobalSection
	GlobalSection(SolutionProperties) = preSolution
		HideSolutionNode = FALSE
	EndGlobalSection
	GlobalSection(ExtensibilityGlobals) = postSolution
		SolutionGuid = {7AF086E6-D5DC-4BC0-AC75-5393F7BF60FC}
	EndGlobalSection
EndGlobal
